
Microsoft Visual Studio Solution File, Format Version 11.00
# Visual Studio 2010
Project("{FAE04EC0-301F-11D3-BF4B-00C04F79EFBC}") = "NServiceLocator", "NServiceLocator\NServiceLocator.csproj", "{B75498BA-5D73-4E01-A45A-81413C04C1B9}"
EndProject
Project("{FAE04EC0-301F-11D3-BF4B-00C04F79EFBC}") = "NServiceLocator.Test.Fast", "NServiceLocator.Test.Fast\NServiceLocator.Test.Fast.csproj", "{1BCB3AAE-6181-4E2E-95B9-1C9A3CC8594B}"
EndProject
Global
	GlobalSection(SolutionConfigurationPlatforms) = preSolution
		Debug|Any CPU = Debug|Any CPU
		Release|Any CPU = Release|Any CPU
		Staging|Any CPU = Staging|Any CPU
	EndGlobalSection
	GlobalSection(ProjectConfigurationPlatforms) = postSolution
		{B75498BA-5D73-4E01-A45A-81413C04C1B9}.Debug|Any CPU.ActiveCfg = Debug|Any CPU
		{B75498BA-5D73-4E01-A45A-81413C04C1B9}.Debug|Any CPU.Build.0 = Debug|Any CPU
		{B75498BA-5D73-4E01-A45A-81413C04C1B9}.Release|Any CPU.ActiveCfg = Release|Any CPU
		{B75498BA-5D73-4E01-A45A-81413C04C1B9}.Release|Any CPU.Build.0 = Release|Any CPU
		{B75498BA-5D73-4E01-A45A-81413C04C1B9}.Staging|Any CPU.ActiveCfg = Staging|Any CPU
		{B75498BA-5D73-4E01-A45A-81413C04C1B9}.Staging|Any CPU.Build.0 = Staging|Any CPU
		{1BCB3AAE-6181-4E2E-95B9-1C9A3CC8594B}.Debug|Any CPU.ActiveCfg = Debug|Any CPU
		{1BCB3AAE-6181-4E2E-95B9-1C9A3CC8594B}.Debug|Any CPU.Build.0 = Debug|Any CPU
		{1BCB3AAE-6181-4E2E-95B9-1C9A3CC8594B}.Release|Any CPU.ActiveCfg = Release|Any CPU
		{1BCB3AAE-6181-4E2E-95B9-1C9A3CC8594B}.Release|Any CPU.Build.0 = Release|Any CPU
		{1BCB3AAE-6181-4E2E-95B9-1C9A3CC8594B}.Staging|Any CPU.ActiveCfg = Staging|Any CPU
		{1BCB3AAE-6181-4E2E-95B9-1C9A3CC8594B}.Staging|Any CPU.Build.0 = Staging|Any CPU
	EndGlobalSection
	GlobalSection(SolutionProperties) = preSolution
		HideSolutionNode = FALSE
	EndGlobalSection
EndGlobal
